<?xml version="1.0" encoding="utf-8"?>
<Project ToolsVersion="4.0" xmlns="http://schemas.microsoft.com/developer/msbuild/2003">
  <ItemGroup>
    <Filter Include="Quelldateien">
      <UniqueIdentifier>{4FC737F1-C7A5-4376-A066-2A32D752A2FF}</UniqueIdentifier>
      <Extensions>cpp;c;cc;cxx;def;odl;idl;hpj;bat;asm;asmx</Extensions>
    </Filter>
    <Filter Include="Headerdateien">
      <UniqueIdentifier>{93995380-89BD-4b04-88EB-625FBE52EBFB}</UniqueIdentifier>
      <Extensions>h;hpp;hxx;hm;inl;inc;xsd</Extensions>
    </Filter>
    <Filter Include="Ressourcendateien">
      <UniqueIdentifier>{67DA6AB6-F800-4c08-8B7A-83BB121AAD01}</UniqueIdentifier>
      <Extensions>rc;ico;cur;bmp;dlg;rc2;rct;bin;rgs;gif;jpg;jpeg;jpe;resx;tiff;tif;png;wav;mfcribbon-ms</Extensions>
    </Filter>
  </ItemGroup>
  <ItemGroup>
    <ClCompile Include="BufferedStreamReader.cpp">
      <Filter>Quelldateien</Filter>
    </ClCompile>
    <ClCompile Include="Utilities.cpp">
      <Filter>Quelldateien</Filter>
    </ClCompile>
    <ClCompile Include="precomp.cpp">
      <Filter>Quelldateien</Filter>
    </ClCompile>
    <ClCompile Include="DllMain.cpp">
      <Filter>Quelldateien</Filter>
    </ClCompile>
    <ClCompile Include="TgaDecoder.cpp">
      <Filter>Quelldateien</Filter>
    </ClCompile>
    <ClCompile Include="TgaFrameDecode.cpp">
      <Filter>Quelldateien</Filter>
    </ClCompile>
    <ClCompile Include="TgaHeader.cpp">
      <Filter>Quelldateien</Filter>
    </ClCompile>
    <ClCompile Include="TgaRleReader.cpp">
      <Filter>Quelldateien</Filter>
    </ClCompile>
    <ClCompile Include="PnmDecoder.cpp">
      <Filter>Quelldateien</Filter>
    </ClCompile>
    <ClCompile Include="PnmFrameDecode.cpp">
      <Filter>Quelldateien</Filter>
    </ClCompile>
    <ClCompile Include="PnmHeader.cpp">
      <Filter>Quelldateien</Filter>
    </ClCompile>
  </ItemGroup>
  <ItemGroup>
    <ClInclude Include="resource.h">
      <Filter>Headerdateien</Filter>
    </ClInclude>
    <ClInclude Include="precomp.h">
      <Filter>Headerdateien</Filter>
    </ClInclude>
    <ClInclude Include="BufferedStreamReader.h">
      <Filter>Headerdateien</Filter>
    </ClInclude>
    <ClInclude Include="Utilities.h">
      <Filter>Headerdateien</Filter>
    </ClInclude>
    <ClInclude Include="ClassFactoryImpl.h">
      <Filter>Headerdateien</Filter>
    </ClInclude>
    <ClInclude Include="TgaDecoder.h">
      <Filter>Headerdateien</Filter>
    </ClInclude>
    <ClInclude Include="TgaFrameDecode.h">
      <Filter>Headerdateien</Filter>
    </ClInclude>
    <ClInclude Include="TgaHeader.h">
      <Filter>Headerdateien</Filter>
    </ClInclude>
    <ClInclude Include="TgaRleReader.h">
      <Filter>Headerdateien</Filter>
    </ClInclude>
    <ClInclude Include="ComPtr.h">
      <Filter>Headerdateien</Filter>
    </ClInclude>
    <ClInclude Include="targetver.h">
      <Filter>Headerdateien</Filter>
    </ClInclude>
    <ClInclude Include="UnknownImpl.h">
      <Filter>Headerdateien</Filter>
    </ClInclude>
    <ClInclude Include="PnmDecoder.h">
      <Filter>Headerdateien</Filter>
    </ClInclude>
    <ClInclude Include="PnmFrameDecode.h">
      <Filter>Headerdateien</Filter>
    </ClInclude>
    <ClInclude Include="PnmHeader.h">
      <Filter>Headerdateien</Filter>
    </ClInclude>
  </ItemGroup>
  <ItemGroup>
    <None Include="PnmWicImageCodec.def">
      <Filter>Quelldateien</Filter>
    </None>
  </ItemGroup>
  <ItemGroup>
    <ResourceCompile Include="PnmWicImageCodec.rc">
      <Filter>Ressourcendateien</Filter>
    </ResourceCompile>
  </ItemGroup>
</Project>